
Microsoft Visual Studio Solution File, Format Version 9.00
# Visual Studio 2005
Project("{8BC9CEB8-8B4A-11D0-8D11-00A0C91BC942}") = "DRSK", "DRSK.vcproj", "{FCC4D845-09A7-413D-A676-C79BA6F0BB80}"
EndProject
Global
	GlobalSection(SolutionConfigurationPlatforms) = preSolution
		Debug|Win32 = Debug|Win32
		Debug|x64 = Debug|x64
		Release|Win32 = Release|Win32
		Release|x64 = Release|x64
	EndGlobalSection
	GlobalSection(ProjectConfigurationPlatforms) = postSolution
		{FCC4D845-09A7-413D-A676-C79BA6F0BB80}.Debug|Win32.ActiveCfg = Debug|Win32
		{FCC4D845-09A7-413D-A676-C79BA6F0BB80}.Debug|Win32.Build.0 = Debug|Win32
		{FCC4D845-09A7-413D-A676-C79BA6F0BB80}.Debug|x64.ActiveCfg = Debug|x64
		{FCC4D845-09A7-413D-A676-C79BA6F0BB80}.Debug|x64.Build.0 = Debug|x64
		{FCC4D845-09A7-413D-A676-C79BA6F0BB80}.Release|Win32.ActiveCfg = Release|Win32
		{FCC4D845-09A7-413D-A676-C79BA6F0BB80}.Release|Win32.Build.0 = Release|Win32
		{FCC4D845-09A7-413D-A676-C79BA6F0BB80}.Release|x64.ActiveCfg = Release|x64
		{FCC4D845-09A7-413D-A676-C79BA6F0BB80}.Release|x64.Build.0 = Release|x64
	EndGlobalSection
	GlobalSection(SolutionProperties) = preSolution
		HideSolutionNode = FALSE
	EndGlobalSection
EndGlobal
